// !$*UTF8*$!
{
	archiveVersion = 1;
	classes = {
	};
	objectVersion = 46;
	objects = {

/* Begin PBXBuildFile section */
		7B048E511EE4EF28003C379E /* AppDelegate.swift in Sources */ = {isa = PBXBuildFile; fileRef = 7B048E501EE4EF28003C379E /* AppDelegate.swift */; };
		7B048E561EE4EF28003C379E /* Main.storyboard in Resources */ = {isa = PBXBuildFile; fileRef = 7B048E541EE4EF28003C379E /* Main.storyboard */; };
		7B048E581EE4EF28003C379E /* Assets.xcassets in Resources */ = {isa = PBXBuildFile; fileRef = 7B048E571EE4EF28003C379E /* Assets.xcassets */; };
		7B048E5B1EE4EF28003C379E /* LaunchScreen.storyboard in Resources */ = {isa = PBXBuildFile; fileRef = 7B048E591EE4EF28003C379E /* LaunchScreen.storyboard */; };
		7B048E661EE4EF28003C379E /* FlowerFieldTests.swift in Sources */ = {isa = PBXBuildFile; fileRef = 7B048E651EE4EF28003C379E /* FlowerFieldTests.swift */; };
		7B048E711EE4EF28003C379E /* FlowerFieldUITests.swift in Sources */ = {isa = PBXBuildFile; fileRef = 7B048E701EE4EF28003C379E /* FlowerFieldUITests.swift */; };
		7B048E841EE4F393003C379E /* ImageIO.framework in Frameworks */ = {isa = PBXBuildFile; fileRef = 7B048E831EE4F393003C379E /* ImageIO.framework */; };
		7B048E861EE4F39D003C379E /* libz.tbd in Frameworks */ = {isa = PBXBuildFile; fileRef = 7B048E851EE4F39D003C379E /* libz.tbd */; };
		7B048E881EE4F3A6003C379E /* libstdc++.tbd in Frameworks */ = {isa = PBXBuildFile; fileRef = 7B048E871EE4F3A6003C379E /* libstdc++.tbd */; };
		7B048E8A1EE4F3AE003C379E /* CoreTelephony.framework in Frameworks */ = {isa = PBXBuildFile; fileRef = 7B048E891EE4F3AE003C379E /* CoreTelephony.framework */; };
		7B048E8C1EE4F3B7003C379E /* libsqlite3.0.tbd in Frameworks */ = {isa = PBXBuildFile; fileRef = 7B048E8B1EE4F3B7003C379E /* libsqlite3.0.tbd */; };
		7B048E8E1EE4F3BF003C379E /* CoreGraphics.framework in Frameworks */ = {isa = PBXBuildFile; fileRef = 7B048E8D1EE4F3BF003C379E /* CoreGraphics.framework */; };
		7B048E901EE4F3CC003C379E /* SystemConfiguration.framework in Frameworks */ = {isa = PBXBuildFile; fileRef = 7B048E8F1EE4F3CC003C379E /* SystemConfiguration.framework */; };
		7B048E921EE4F3D6003C379E /* libiconv.2.4.0.tbd in Frameworks */ = {isa = PBXBuildFile; fileRef = 7B048E911EE4F3D6003C379E /* libiconv.2.4.0.tbd */; };
		7B048E941EE4F3DC003C379E /* Security.framework in Frameworks */ = {isa = PBXBuildFile; fileRef = 7B048E931EE4F3DC003C379E /* Security.framework */; };
		7B048EA61EE4FADF003C379E /* image.js in Resources */ = {isa = PBXBuildFile; fileRef = 7B048EA51EE4FADF003C379E /* image.js */; };
		7B048EAB1EE4FAF2003C379E /* 方正兰亭纤黑简体.TTF in Resources */ = {isa = PBXBuildFile; fileRef = 7B048EA71EE4FAF2003C379E /* 方正兰亭纤黑简体.TTF */; };
		7B048EAC1EE4FAF2003C379E /* CODE BOLD.OTF in Resources */ = {isa = PBXBuildFile; fileRef = 7B048EA81EE4FAF2003C379E /* CODE BOLD.OTF */; };
		7B048EAD1EE4FAF2003C379E /* CODE LIGHT.OTF in Resources */ = {isa = PBXBuildFile; fileRef = 7B048EA91EE4FAF2003C379E /* CODE LIGHT.OTF */; };
		7B048EAE1EE4FAF2003C379E /* FZXQJW_0.TTF in Resources */ = {isa = PBXBuildFile; fileRef = 7B048EAA1EE4FAF2003C379E /* FZXQJW_0.TTF */; };
		7B048EB21EE4FAFB003C379E /* area.plist in Resources */ = {isa = PBXBuildFile; fileRef = 7B048EAF1EE4FAFB003C379E /* area.plist */; };
		7B048EB31EE4FAFB003C379E /* city.plist in Resources */ = {isa = PBXBuildFile; fileRef = 7B048EB01EE4FAFB003C379E /* city.plist */; };
		7B048EB41EE4FAFB003C379E /* country.plist in Resources */ = {isa = PBXBuildFile; fileRef = 7B048EB11EE4FAFB003C379E /* country.plist */; };
		7B048EE71EE4FBEA003C379E /* MBProgressHUD.m in Sources */ = {isa = PBXBuildFile; fileRef = 7B048EBA1EE4FBEA003C379E /* MBProgressHUD.m */; };
		7B048EE81EE4FBEA003C379E /* UMSocialLocalizable.strings in Resources */ = {isa = PBXBuildFile; fileRef = 7B048EBC1EE4FBEA003C379E /* UMSocialLocalizable.strings */; };
		7B048EE91EE4FBEA003C379E /* libUMSocial_Sdk_5.2.1.a in Frameworks */ = {isa = PBXBuildFile; fileRef = 7B048ECA1EE4FBEA003C379E /* libUMSocial_Sdk_5.2.1.a */; };
		7B048EEA1EE4FBEB003C379E /* UMSCommentDetailController.xib in Resources */ = {isa = PBXBuildFile; fileRef = 7B048ECC1EE4FBEA003C379E /* UMSCommentDetailController.xib */; };
		7B048EEB1EE4FBEB003C379E /* UMSCommentInputController.xib in Resources */ = {isa = PBXBuildFile; fileRef = 7B048ECD1EE4FBEA003C379E /* UMSCommentInputController.xib */; };
		7B048EEC1EE4FBEB003C379E /* UMSCommentInputControlleriPad.xib in Resources */ = {isa = PBXBuildFile; fileRef = 7B048ECE1EE4FBEA003C379E /* UMSCommentInputControlleriPad.xib */; };
		7B048EED1EE4FBEB003C379E /* UMShareEditViewController.xib in Resources */ = {isa = PBXBuildFile; fileRef = 7B048ECF1EE4FBEA003C379E /* UMShareEditViewController.xib */; };
		7B048EEE1EE4FBEB003C379E /* UMShareEditViewControlleriPad.xib in Resources */ = {isa = PBXBuildFile; fileRef = 7B048ED01EE4FBEA003C379E /* UMShareEditViewControlleriPad.xib */; };
		7B048EEF1EE4FBEB003C379E /* UMSLoginViewController.xib in Resources */ = {isa = PBXBuildFile; fileRef = 7B048ED11EE4FBEA003C379E /* UMSLoginViewController.xib */; };
		7B048EF01EE4FBEB003C379E /* UMSnsAccountViewController.xib in Resources */ = {isa = PBXBuildFile; fileRef = 7B048ED21EE4FBEA003C379E /* UMSnsAccountViewController.xib */; };
		7B048EF11EE4FBEB003C379E /* UMSShareListController.xib in Resources */ = {isa = PBXBuildFile; fileRef = 7B048ED31EE4FBEA003C379E /* UMSShareListController.xib */; };
		7B048EF21EE4FBEB003C379E /* UMSocialSDKResourcesNew.bundle in Resources */ = {isa = PBXBuildFile; fileRef = 7B048ED41EE4FBEA003C379E /* UMSocialSDKResourcesNew.bundle */; };
		7B048EF31EE4FBEB003C379E /* libSocialSinaSSO.a in Frameworks */ = {isa = PBXBuildFile; fileRef = 7B048ED81EE4FBEA003C379E /* libSocialSinaSSO.a */; };
		7B048EF41EE4FBEB003C379E /* libWeiboSDK.a in Frameworks */ = {isa = PBXBuildFile; fileRef = 7B048ED91EE4FBEA003C379E /* libWeiboSDK.a */; };
		7B048EF51EE4FBEB003C379E /* WeiboSDK.bundle in Resources */ = {isa = PBXBuildFile; fileRef = 7B048EE41EE4FBEA003C379E /* WeiboSDK.bundle */; };
		7B048EF91EE4FDE8003C379E /* ShareTool.swift in Sources */ = {isa = PBXBuildFile; fileRef = 7B048EF81EE4FDE8003C379E /* ShareTool.swift */; };
		7B048EFB1EE50229003C379E /* NSString+Extension.swift in Sources */ = {isa = PBXBuildFile; fileRef = 7B048EFA1EE50229003C379E /* NSString+Extension.swift */; };
		7B048EFD1EE5034F003C379E /* NSDate+Extension.swift in Sources */ = {isa = PBXBuildFile; fileRef = 7B048EFC1EE5034F003C379E /* NSDate+Extension.swift */; };
		7B048EFF1EE508F0003C379E /* UIViewController+HUD.swift in Sources */ = {isa = PBXBuildFile; fileRef = 7B048EFE1EE508F0003C379E /* UIViewController+HUD.swift */; };
		7B048F011EE52860003C379E /* UIButton+Extension.swift in Sources */ = {isa = PBXBuildFile; fileRef = 7B048F001EE52860003C379E /* UIButton+Extension.swift */; };
		7B048F031EE52958003C379E /* UIColor+Extension.swift in Sources */ = {isa = PBXBuildFile; fileRef = 7B048F021EE52958003C379E /* UIColor+Extension.swift */; };
		7B048F051EE52BBE003C379E /* UIImage+Extension.swift in Sources */ = {isa = PBXBuildFile; fileRef = 7B048F041EE52BBE003C379E /* UIImage+Extension.swift */; };
		7B048F071EE52ECC003C379E /* UITextField+Extension.swift in Sources */ = {isa = PBXBuildFile; fileRef = 7B048F061EE52ECC003C379E /* UITextField+Extension.swift */; };
		7B048F091EE53036003C379E /* UILabel+Extension.swift in Sources */ = {isa = PBXBuildFile; fileRef = 7B048F081EE53036003C379E /* UILabel+Extension.swift */; };
		7B048F0B1EE53071003C379E /* NSObject+Extension.swift in Sources */ = {isa = PBXBuildFile; fileRef = 7B048F0A1EE53071003C379E /* NSObject+Extension.swift */; };
		7B048F0D1EE53495003C379E /* NewFeatureViewController.swift in Sources */ = {isa = PBXBuildFile; fileRef = 7B048F0C1EE53495003C379E /* NewFeatureViewController.swift */; };
		7B048F0F1EE5374C003C379E /* NewFeatureCell.swift in Sources */ = {isa = PBXBuildFile; fileRef = 7B048F0E1EE5374C003C379E /* NewFeatureCell.swift */; };
		7B048F141EE54307003C379E /* MainViewController.swift in Sources */ = {isa = PBXBuildFile; fileRef = 7B048F131EE54307003C379E /* MainViewController.swift */; };
		7B1211691EFCC263006BE81B /* Comment.swift in Sources */ = {isa = PBXBuildFile; fileRef = 7B1211681EFCC263006BE81B /* Comment.swift */; };
		7B12116D1EFCC7BF006BE81B /* CommentViewCell.swift in Sources */ = {isa = PBXBuildFile; fileRef = 7B12116C1EFCC7BF006BE81B /* CommentViewCell.swift */; };
		7B12116F1EFCC7D4006BE81B /* DetailHeadCell.swift in Sources */ = {isa = PBXBuildFile; fileRef = 7B12116E1EFCC7D4006BE81B /* DetailHeadCell.swift */; };
		7B1211711EFCC7E1006BE81B /* DetailWebViewCell.swift in Sources */ = {isa = PBXBuildFile; fileRef = 7B1211701EFCC7E1006BE81B /* DetailWebViewCell.swift */; };
		7B1211731EFCC7FF006BE81B /* CommentBottomView.swift in Sources */ = {isa = PBXBuildFile; fileRef = 7B1211721EFCC7FF006BE81B /* CommentBottomView.swift */; };
		7B1211751EFCC811006BE81B /* DetailHeaderView.swift in Sources */ = {isa = PBXBuildFile; fileRef = 7B1211741EFCC811006BE81B /* DetailHeaderView.swift */; };
		7B1211771EFCC821006BE81B /* ShareBlurView.swift in Sources */ = {isa = PBXBuildFile; fileRef = 7B1211761EFCC821006BE81B /* ShareBlurView.swift */; };
		7B1211791EFD056D006BE81B /* DetailTableViewController.swift in Sources */ = {isa = PBXBuildFile; fileRef = 7B1211781EFD056D006BE81B /* DetailTableViewController.swift */; };
		7B6613911EE932EE00C83CEC /* ToolBottomView.swift in Sources */ = {isa = PBXBuildFile; fileRef = 7B6613901EE932EE00C83CEC /* ToolBottomView.swift */; };
		7B6C07A11EE6488000F2FF05 /* NavgationViewController.swift in Sources */ = {isa = PBXBuildFile; fileRef = 7B6C07A01EE6488000F2FF05 /* NavgationViewController.swift */; };
		7B6C07AA1EE697AB00F2FF05 /* HomeTableViewController.swift in Sources */ = {isa = PBXBuildFile; fileRef = 7B6C07A91EE697AB00F2FF05 /* HomeTableViewController.swift */; };
		7B6C07B41EE6983C00F2FF05 /* MallsTableViewController.swift in Sources */ = {isa = PBXBuildFile; fileRef = 7B6C07B31EE6983C00F2FF05 /* MallsTableViewController.swift */; };
		7B6C07C11EE698FA00F2FF05 /* ColumnistViewController.swift in Sources */ = {isa = PBXBuildFile; fileRef = 7B6C07C01EE698FA00F2FF05 /* ColumnistViewController.swift */; };
		7B6C07C31EE6991F00F2FF05 /* ProfileViewController.swift in Sources */ = {isa = PBXBuildFile; fileRef = 7B6C07C21EE6991F00F2FF05 /* ProfileViewController.swift */; };
		7B6C07C51EE69D1200F2FF05 /* Author.swift in Sources */ = {isa = PBXBuildFile; fileRef = 7B6C07C41EE69D1200F2FF05 /* Author.swift */; };
		7B7138D11EF906D2008EAA07 /* NetworkTool.swift in Sources */ = {isa = PBXBuildFile; fileRef = 7B7138D01EF906D2008EAA07 /* NetworkTool.swift */; };
		7B90581A1EE79CB800C48A1E /* TitleBtn.swift in Sources */ = {isa = PBXBuildFile; fileRef = 7B9058191EE79CB800C48A1E /* TitleBtn.swift */; };
		7B90581C1EE7AAAC00C48A1E /* HomeArticleCell.swift in Sources */ = {isa = PBXBuildFile; fileRef = 7B90581B1EE7AAAC00C48A1E /* HomeArticleCell.swift */; };
		7B90581E1EE7CB0100C48A1E /* Article.swift in Sources */ = {isa = PBXBuildFile; fileRef = 7B90581D1EE7CB0100C48A1E /* Article.swift */; };
		7B95C5361EF7BC3000588618 /* TopViewController.swift in Sources */ = {isa = PBXBuildFile; fileRef = 7B95C5351EF7BC3000588618 /* TopViewController.swift */; };
		7B9FE13A1EF00B9900C93251 /* BlurView.swift in Sources */ = {isa = PBXBuildFile; fileRef = 7B9FE1391EF00B9900C93251 /* BlurView.swift */; };
		7B9FE13C1EF0113A00C93251 /* MallsCategoryHeader.swift in Sources */ = {isa = PBXBuildFile; fileRef = 7B9FE13B1EF0113A00C93251 /* MallsCategoryHeader.swift */; };
		7B9FE13E1EF0168000C93251 /* MallsCategory.swift in Sources */ = {isa = PBXBuildFile; fileRef = 7B9FE13D1EF0168000C93251 /* MallsCategory.swift */; };
		7BD4F8631EE8EDFB00276689 /* Category.swift in Sources */ = {isa = PBXBuildFile; fileRef = 7BD4F8621EE8EDFB00276689 /* Category.swift */; };
		7BDE7DE21EE6C9E400D377FB /* RefreshControl.swift in Sources */ = {isa = PBXBuildFile; fileRef = 7BDE7DE11EE6C9E400D377FB /* RefreshControl.swift */; };
		7BDE7DE41EE6C9FB00D377FB /* RefreshTipView.swift in Sources */ = {isa = PBXBuildFile; fileRef = 7BDE7DE31EE6C9FB00D377FB /* RefreshTipView.swift */; };
		B961A300D908A1A5E7D626E7 /* Pods_FlowerField.framework in Frameworks */ = {isa = PBXBuildFile; fileRef = 3EC5490D3F0F90390F08BB6D /* Pods_FlowerField.framework */; };
/* End PBXBuildFile section */

/* Begin PBXContainerItemProxy section */
		7B048E621EE4EF28003C379E /* PBXContainerItemProxy */ = {
			isa = PBXContainerItemProxy;
			containerPortal = 7B048E451EE4EF27003C379E /* Project object */;
			proxyType = 1;
			remoteGlobalIDString = 7B048E4C1EE4EF27003C379E;
			remoteInfo = FlowerField;
		};
		7B048E6D1EE4EF28003C379E /* PBXContainerItemProxy */ = {
			isa = PBXContainerItemProxy;
			containerPortal = 7B048E451EE4EF27003C379E /* Project object */;
			proxyType = 1;
			remoteGlobalIDString = 7B048E4C1EE4EF27003C379E;
			remoteInfo = FlowerField;
		};
/* End PBXContainerItemProxy section */

/* Begin PBXFileReference section */
		294AA9DC1E078E205406D08E /* Pods-FlowerField.debug.xcconfig */ = {isa = PBXFileReference; includeInIndex = 1; lastKnownFileType = text.xcconfig; name = "Pods-FlowerField.debug.xcconfig"; path = "Pods/Target Support Files/Pods-FlowerField/Pods-FlowerField.debug.xcconfig"; sourceTree = "<group>"; };
		3EC5490D3F0F90390F08BB6D /* Pods_FlowerField.framework */ = {isa = PBXFileReference; explicitFileType = wrapper.framework; includeInIndex = 0; path = Pods_FlowerField.framework; sourceTree = BUILT_PRODUCTS_DIR; };
		7B048E4D1EE4EF27003C379E /* FlowerField.app */ = {isa = PBXFileReference; explicitFileType = wrapper.application; includeInIndex = 0; path = FlowerField.app; sourceTree = BUILT_PRODUCTS_DIR; };
		7B048E501EE4EF28003C379E /* AppDelegate.swift */ = {isa = PBXFileReference; lastKnownFileType = sourcecode.swift; path = AppDelegate.swift; sourceTree = "<group>"; };
		7B048E551EE4EF28003C379E /* Base */ = {isa = PBXFileReference; lastKnownFileType = file.storyboard; name = Base; path = Base.lproj/Main.storyboard; sourceTree = "<group>"; };
		7B048E571EE4EF28003C379E /* Assets.xcassets */ = {isa = PBXFileReference; lastKnownFileType = folder.assetcatalog; path = Assets.xcassets; sourceTree = "<group>"; };
		7B048E5A1EE4EF28003C379E /* Base */ = {isa = PBXFileReference; lastKnownFileType = file.storyboard; name = Base; path = Base.lproj/LaunchScreen.storyboard; sourceTree = "<group>"; };
		7B048E5C1EE4EF28003C379E /* Info.plist */ = {isa = PBXFileReference; lastKnownFileType = text.plist.xml; path = Info.plist; sourceTree = "<group>"; };
		7B048E611EE4EF28003C379E /* FlowerFieldTests.xctest */ = {isa = PBXFileReference; explicitFileType = wrapper.cfbundle; includeInIndex = 0; path = FlowerFieldTests.xctest; sourceTree = BUILT_PRODUCTS_DIR; };
		7B048E651EE4EF28003C379E /* FlowerFieldTests.swift */ = {isa = PBXFileReference; lastKnownFileType = sourcecode.swift; path = FlowerFieldTests.swift; sourceTree = "<group>"; };
		7B048E671EE4EF28003C379E /* Info.plist */ = {isa = PBXFileReference; lastKnownFileType = text.plist.xml; path = Info.plist; sourceTree = "<group>"; };
		7B048E6C1EE4EF28003C379E /* FlowerFieldUITests.xctest */ = {isa = PBXFileReference; explicitFileType = wrapper.cfbundle; includeInIndex = 0; path = FlowerFieldUITests.xctest; sourceTree = BUILT_PRODUCTS_DIR; };
		7B048E701EE4EF28003C379E /* FlowerFieldUITests.swift */ = {isa = PBXFileReference; lastKnownFileType = sourcecode.swift; path = FlowerFieldUITests.swift; sourceTree = "<group>"; };
		7B048E721EE4EF28003C379E /* Info.plist */ = {isa = PBXFileReference; lastKnownFileType = text.plist.xml; path = Info.plist; sourceTree = "<group>"; };
		7B048E831EE4F393003C379E /* ImageIO.framework */ = {isa = PBXFileReference; lastKnownFileType = wrapper.framework; name = ImageIO.framework; path = System/Library/Frameworks/ImageIO.framework; sourceTree = SDKROOT; };
		7B048E851EE4F39D003C379E /* libz.tbd */ = {isa = PBXFileReference; lastKnownFileType = "sourcecode.text-based-dylib-definition"; name = libz.tbd; path = usr/lib/libz.tbd; sourceTree = SDKROOT; };
		7B048E871EE4F3A6003C379E /* libstdc++.tbd */ = {isa = PBXFileReference; lastKnownFileType = "sourcecode.text-based-dylib-definition"; name = "libstdc++.tbd"; path = "usr/lib/libstdc++.tbd"; sourceTree = SDKROOT; };
		7B048E891EE4F3AE003C379E /* CoreTelephony.framework */ = {isa = PBXFileReference; lastKnownFileType = wrapper.framework; name = CoreTelephony.framework; path = System/Library/Frameworks/CoreTelephony.framework; sourceTree = SDKROOT; };
		7B048E8B1EE4F3B7003C379E /* libsqlite3.0.tbd */ = {isa = PBXFileReference; lastKnownFileType = "sourcecode.text-based-dylib-definition"; name = libsqlite3.0.tbd; path = usr/lib/libsqlite3.0.tbd; sourceTree = SDKROOT; };
		7B048E8D1EE4F3BF003C379E /* CoreGraphics.framework */ = {isa = PBXFileReference; lastKnownFileType = wrapper.framework; name = CoreGraphics.framework; path = System/Library/Frameworks/CoreGraphics.framework; sourceTree = SDKROOT; };
		7B048E8F1EE4F3CC003C379E /* SystemConfiguration.framework */ = {isa = PBXFileReference; lastKnownFileType = wrapper.framework; name = SystemConfiguration.framework; path = System/Library/Frameworks/SystemConfiguration.framework; sourceTree = SDKROOT; };
		7B048E911EE4F3D6003C379E /* libiconv.2.4.0.tbd */ = {isa = PBXFileReference; lastKnownFileType = "sourcecode.text-based-dylib-definition"; name = libiconv.2.4.0.tbd; path = usr/lib/libiconv.2.4.0.tbd; sourceTree = SDKROOT; };
		7B048E931EE4F3DC003C379E /* Security.framework */ = {isa = PBXFileReference; lastKnownFileType = wrapper.framework; name = Security.framework; path = System/Library/Frameworks/Security.framework; sourceTree = SDKROOT; };
		7B048EA51EE4FADF003C379E /* image.js */ = {isa = PBXFileReference; fileEncoding = 4; lastKnownFileType = sourcecode.javascript; path = image.js; sourceTree = "<group>"; };
		7B048EA71EE4FAF2003C379E /* 方正兰亭纤黑简体.TTF */ = {isa = PBXFileReference; lastKnownFileType = file; path = "方正兰亭纤黑简体.TTF"; sourceTree = "<group>"; };
		7B048EA81EE4FAF2003C379E /* CODE BOLD.OTF */ = {isa = PBXFileReference; lastKnownFileType = file; path = "CODE BOLD.OTF"; sourceTree = "<group>"; };
		7B048EA91EE4FAF2003C379E /* CODE LIGHT.OTF */ = {isa = PBXFileReference; lastKnownFileType = file; path = "CODE LIGHT.OTF"; sourceTree = "<group>"; };
		7B048EAA1EE4FAF2003C379E /* FZXQJW_0.TTF */ = {isa = PBXFileReference; lastKnownFileType = file; path = FZXQJW_0.TTF; sourceTree = "<group>"; };
		7B048EAF1EE4FAFB003C379E /* area.plist */ = {isa = PBXFileReference; lastKnownFileType = file.bplist; path = area.plist; sourceTree = "<group>"; };
		7B048EB01EE4FAFB003C379E /* city.plist */ = {isa = PBXFileReference; lastKnownFileType = file.bplist; path = city.plist; sourceTree = "<group>"; };
		7B048EB11EE4FAFB003C379E /* country.plist */ = {isa = PBXFileReference; lastKnownFileType = file.bplist; path = country.plist; sourceTree = "<group>"; };
		7B048EB91EE4FBEA003C379E /* MBProgressHUD.h */ = {isa = PBXFileReference; fileEncoding = 4; lastKnownFileType = sourcecode.c.h; path = MBProgressHUD.h; sourceTree = "<group>"; };
		7B048EBA1EE4FBEA003C379E /* MBProgressHUD.m */ = {isa = PBXFileReference; fileEncoding = 4; lastKnownFileType = sourcecode.c.objc; path = MBProgressHUD.m; sourceTree = "<group>"; };
		7B048EBD1EE4FBEA003C379E /* en */ = {isa = PBXFileReference; lastKnownFileType = text.plist.strings; name = en; path = en.lproj/UMSocialLocalizable.strings; sourceTree = "<group>"; };
		7B048EBF1EE4FBEA003C379E /* UMSocial.h */ = {isa = PBXFileReference; fileEncoding = 4; lastKnownFileType = sourcecode.c.h; path = UMSocial.h; sourceTree = "<group>"; };
		7B048EC01EE4FBEA003C379E /* UMSocialAccountManager.h */ = {isa = PBXFileReference; fileEncoding = 4; lastKnownFileType = sourcecode.c.h; path = UMSocialAccountManager.h; sourceTree = "<group>"; };
		7B048EC11EE4FBEA003C379E /* UMSocialBar.h */ = {isa = PBXFileReference; fileEncoding = 4; lastKnownFileType = sourcecode.c.h; path = UMSocialBar.h; sourceTree = "<group>"; };
		7B048EC21EE4FBEA003C379E /* UMSocialConfig.h */ = {isa = PBXFileReference; fileEncoding = 4; lastKnownFileType = sourcecode.c.h; path = UMSocialConfig.h; sourceTree = "<group>"; };
		7B048EC31EE4FBEA003C379E /* UMSocialControllerService.h */ = {isa = PBXFileReference; fileEncoding = 4; lastKnownFileType = sourcecode.c.h; path = UMSocialControllerService.h; sourceTree = "<group>"; };
		7B048EC41EE4FBEA003C379E /* UMSocialControllerServiceComment.h */ = {isa = PBXFileReference; fileEncoding = 4; lastKnownFileType = sourcecode.c.h; path = UMSocialControllerServiceComment.h; sourceTree = "<group>"; };
		7B048EC51EE4FBEA003C379E /* UMSocialData.h */ = {isa = PBXFileReference; fileEncoding = 4; lastKnownFileType = sourcecode.c.h; path = UMSocialData.h; sourceTree = "<group>"; };
		7B048EC61EE4FBEA003C379E /* UMSocialDataService.h */ = {isa = PBXFileReference; fileEncoding = 4; lastKnownFileType = sourcecode.c.h; path = UMSocialDataService.h; sourceTree = "<group>"; };
		7B048EC71EE4FBEA003C379E /* UMSocialSnsData.h */ = {isa = PBXFileReference; fileEncoding = 4; lastKnownFileType = sourcecode.c.h; path = UMSocialSnsData.h; sourceTree = "<group>"; };
		7B048EC81EE4FBEA003C379E /* UMSocialSnsPlatformManager.h */ = {isa = PBXFileReference; fileEncoding = 4; lastKnownFileType = sourcecode.c.h; path = UMSocialSnsPlatformManager.h; sourceTree = "<group>"; };
		7B048EC91EE4FBEA003C379E /* UMSocialSnsService.h */ = {isa = PBXFileReference; fileEncoding = 4; lastKnownFileType = sourcecode.c.h; path = UMSocialSnsService.h; sourceTree = "<group>"; };
		7B048ECA1EE4FBEA003C379E /* libUMSocial_Sdk_5.2.1.a */ = {isa = PBXFileReference; lastKnownFileType = archive.ar; path = libUMSocial_Sdk_5.2.1.a; sourceTree = "<group>"; };
		7B048ECC1EE4FBEA003C379E /* UMSCommentDetailController.xib */ = {isa = PBXFileReference; fileEncoding = 4; lastKnownFileType = file.xib; path = UMSCommentDetailController.xib; sourceTree = "<group>"; };
		7B048ECD1EE4FBEA003C379E /* UMSCommentInputController.xib */ = {isa = PBXFileReference; fileEncoding = 4; lastKnownFileType = file.xib; path = UMSCommentInputController.xib; sourceTree = "<group>"; };
		7B048ECE1EE4FBEA003C379E /* UMSCommentInputControlleriPad.xib */ = {isa = PBXFileReference; fileEncoding = 4; lastKnownFileType = file.xib; path = UMSCommentInputControlleriPad.xib; sourceTree = "<group>"; };
		7B048ECF1EE4FBEA003C379E /* UMShareEditViewController.xib */ = {isa = PBXFileReference; fileEncoding = 4; lastKnownFileType = file.xib; path = UMShareEditViewController.xib; sourceTree = "<group>"; };
		7B048ED01EE4FBEA003C379E /* UMShareEditViewControlleriPad.xib */ = {isa = PBXFileReference; fileEncoding = 4; lastKnownFileType = file.xib; path = UMShareEditViewControlleriPad.xib; sourceTree = "<group>"; };
		7B048ED11EE4FBEA003C379E /* UMSLoginViewController.xib */ = {isa = PBXFileReference; fileEncoding = 4; lastKnownFileType = file.xib; path = UMSLoginViewController.xib; sourceTree = "<group>"; };
		7B048ED21EE4FBEA003C379E /* UMSnsAccountViewController.xib */ = {isa = PBXFileReference; fileEncoding = 4; lastKnownFileType = file.xib; path = UMSnsAccountViewController.xib; sourceTree = "<group>"; };
		7B048ED31EE4FBEA003C379E /* UMSShareListController.xib */ = {isa = PBXFileReference; fileEncoding = 4; lastKnownFileType = file.xib; path = UMSShareListController.xib; sourceTree = "<group>"; };
		7B048ED41EE4FBEA003C379E /* UMSocialSDKResourcesNew.bundle */ = {isa = PBXFileReference; lastKnownFileType = "wrapper.plug-in"; path = UMSocialSDKResourcesNew.bundle; sourceTree = "<group>"; };
		7B048ED51EE4FBEA003C379E /* zh-Hans */ = {isa = PBXFileReference; lastKnownFileType = text.plist.strings; name = "zh-Hans"; path = "zh-Hans.lproj/UMSocialLocalizable.strings"; sourceTree = "<group>"; };
		7B048ED81EE4FBEA003C379E /* libSocialSinaSSO.a */ = {isa = PBXFileReference; lastKnownFileType = archive.ar; path = libSocialSinaSSO.a; sourceTree = "<group>"; };
		7B048ED91EE4FBEA003C379E /* libWeiboSDK.a */ = {isa = PBXFileReference; lastKnownFileType = archive.ar; path = libWeiboSDK.a; sourceTree = "<group>"; };
		7B048EDA1EE4FBEA003C379E /* UMSocialSinaSSOHandler.h */ = {isa = PBXFileReference; fileEncoding = 4; lastKnownFileType = sourcecode.c.h; path = UMSocialSinaSSOHandler.h; sourceTree = "<group>"; };
		7B048EDB1EE4FBEA003C379E /* WBHttpRequest+WeiboGame.h */ = {isa = PBXFileReference; fileEncoding = 4; lastKnownFileType = sourcecode.c.h; path = "WBHttpRequest+WeiboGame.h"; sourceTree = "<group>"; };
		7B048EDC1EE4FBEA003C379E /* WBHttpRequest+WeiboShare.h */ = {isa = PBXFileReference; fileEncoding = 4; lastKnownFileType = sourcecode.c.h; path = "WBHttpRequest+WeiboShare.h"; sourceTree = "<group>"; };
		7B048EDD1EE4FBEA003C379E /* WBHttpRequest+WeiboToken.h */ = {isa = PBXFileReference; fileEncoding = 4; lastKnownFileType = sourcecode.c.h; path = "WBHttpRequest+WeiboToken.h"; sourceTree = "<group>"; };
		7B048EDE1EE4FBEA003C379E /* WBHttpRequest+WeiboUser.h */ = {isa = PBXFileReference; fileEncoding = 4; lastKnownFileType = sourcecode.c.h; path = "WBHttpRequest+WeiboUser.h"; sourceTree = "<group>"; };
		7B048EDF1EE4FBEA003C379E /* WBHttpRequest.h */ = {isa = PBXFileReference; fileEncoding = 4; lastKnownFileType = sourcecode.c.h; path = WBHttpRequest.h; sourceTree = "<group>"; };
		7B048EE01EE4FBEA003C379E /* WBSDKBasicButton.h */ = {isa = PBXFileReference; fileEncoding = 4; lastKnownFileType = sourcecode.c.h; path = WBSDKBasicButton.h; sourceTree = "<group>"; };
		7B048EE11EE4FBEA003C379E /* WBSDKCommentButton.h */ = {isa = PBXFileReference; fileEncoding = 4; lastKnownFileType = sourcecode.c.h; path = WBSDKCommentButton.h; sourceTree = "<group>"; };
		7B048EE21EE4FBEA003C379E /* WBSDKRelationshipButton.h */ = {isa = PBXFileReference; fileEncoding = 4; lastKnownFileType = sourcecode.c.h; path = WBSDKRelationshipButton.h; sourceTree = "<group>"; };
		7B048EE31EE4FBEA003C379E /* WeiboSDK+Statistics.h */ = {isa = PBXFileReference; fileEncoding = 4; lastKnownFileType = sourcecode.c.h; path = "WeiboSDK+Statistics.h"; sourceTree = "<group>"; };
		7B048EE41EE4FBEA003C379E /* WeiboSDK.bundle */ = {isa = PBXFileReference; lastKnownFileType = "wrapper.plug-in"; path = WeiboSDK.bundle; sourceTree = "<group>"; };
		7B048EE51EE4FBEA003C379E /* WeiboSDK.h */ = {isa = PBXFileReference; fileEncoding = 4; lastKnownFileType = sourcecode.c.h; path = WeiboSDK.h; sourceTree = "<group>"; };
		7B048EE61EE4FBEA003C379E /* WeiboUser.h */ = {isa = PBXFileReference; fileEncoding = 4; lastKnownFileType = sourcecode.c.h; path = WeiboUser.h; sourceTree = "<group>"; };
		7B048EF71EE4FD9E003C379E /* Header-brid.h */ = {isa = PBXFileReference; lastKnownFileType = sourcecode.c.h; path = "Header-brid.h"; sourceTree = "<group>"; };
		7B048EF81EE4FDE8003C379E /* ShareTool.swift */ = {isa = PBXFileReference; fileEncoding = 4; lastKnownFileType = sourcecode.swift; path = ShareTool.swift; sourceTree = "<group>"; };
		7B048EFA1EE50229003C379E /* NSString+Extension.swift */ = {isa = PBXFileReference; fileEncoding = 4; lastKnownFileType = sourcecode.swift; path = "NSString+Extension.swift"; sourceTree = "<group>"; };
		7B048EFC1EE5034F003C379E /* NSDate+Extension.swift */ = {isa = PBXFileReference; fileEncoding = 4; lastKnownFileType = sourcecode.swift; path = "NSDate+Extension.swift"; sourceTree = "<group>"; };
		7B048EFE1EE508F0003C379E /* UIViewController+HUD.swift */ = {isa = PBXFileReference; fileEncoding = 4; lastKnownFileType = sourcecode.swift; path = "UIViewController+HUD.swift"; sourceTree = "<group>"; };
		7B048F001EE52860003C379E /* UIButton+Extension.swift */ = {isa = PBXFileReference; fileEncoding = 4; lastKnownFileType = sourcecode.swift; path = "UIButton+Extension.swift"; sourceTree = "<group>"; };
		7B048F021EE52958003C379E /* UIColor+Extension.swift */ = {isa = PBXFileReference; fileEncoding = 4; lastKnownFileType = sourcecode.swift; path = "UIColor+Extension.swift"; sourceTree = "<group>"; };
		7B048F041EE52BBE003C379E /* UIImage+Extension.swift */ = {isa = PBXFileReference; fileEncoding = 4; lastKnownFileType = sourcecode.swift; path = "UIImage+Extension.swift"; sourceTree = "<group>"; };
		7B048F061EE52ECC003C379E /* UITextField+Extension.swift */ = {isa = PBXFileReference; fileEncoding = 4; lastKnownFileType = sourcecode.swift; path = "UITextField+Extension.swift"; sourceTree = "<group>"; };
		7B048F081EE53036003C379E /* UILabel+Extension.swift */ = {isa = PBXFileReference; fileEncoding = 4; lastKnownFileType = sourcecode.swift; path = "UILabel+Extension.swift"; sourceTree = "<group>"; };
		7B048F0A1EE53071003C379E /* NSObject+Extension.swift */ = {isa = PBXFileReference; fileEncoding = 4; lastKnownFileType = sourcecode.swift; path = "NSObject+Extension.swift"; sourceTree = "<group>"; };
		7B048F0C1EE53495003C379E /* NewFeatureViewController.swift */ = {isa = PBXFileReference; fileEncoding = 4; lastKnownFileType = sourcecode.swift; path = NewFeatureViewController.swift; sourceTree = SOURCE_ROOT; };
		7B048F0E1EE5374C003C379E /* NewFeatureCell.swift */ = {isa = PBXFileReference; fileEncoding = 4; lastKnownFileType = sourcecode.swift; path = NewFeatureCell.swift; sourceTree = SOURCE_ROOT; };
		7B048F131EE54307003C379E /* MainViewController.swift */ = {isa = PBXFileReference; fileEncoding = 4; lastKnownFileType = sourcecode.swift; path = MainViewController.swift; sourceTree = SOURCE_ROOT; };
		7B1211681EFCC263006BE81B /* Comment.swift */ = {isa = PBXFileReference; fileEncoding = 4; lastKnownFileType = sourcecode.swift; path = Comment.swift; sourceTree = "<group>"; };
		7B12116C1EFCC7BF006BE81B /* CommentViewCell.swift */ = {isa = PBXFileReference; fileEncoding = 4; lastKnownFileType = sourcecode.swift; path = CommentViewCell.swift; sourceTree = "<group>"; };
		7B12116E1EFCC7D4006BE81B /* DetailHeadCell.swift */ = {isa = PBXFileReference; fileEncoding = 4; lastKnownFileType = sourcecode.swift; path = DetailHeadCell.swift; sourceTree = "<group>"; };
		7B1211701EFCC7E1006BE81B /* DetailWebViewCell.swift */ = {isa = PBXFileReference; fileEncoding = 4; lastKnownFileType = sourcecode.swift; path = DetailWebViewCell.swift; sourceTree = "<group>"; };
		7B1211721EFCC7FF006BE81B /* CommentBottomView.swift */ = {isa = PBXFileReference; fileEncoding = 4; lastKnownFileType = sourcecode.swift; path = CommentBottomView.swift; sourceTree = "<group>"; };
		7B1211741EFCC811006BE81B /* DetailHeaderView.swift */ = {isa = PBXFileReference; fileEncoding = 4; lastKnownFileType = sourcecode.swift; path = DetailHeaderView.swift; sourceTree = "<group>"; };
		7B1211761EFCC821006BE81B /* ShareBlurView.swift */ = {isa = PBXFileReference; fileEncoding = 4; lastKnownFileType = sourcecode.swift; path = ShareBlurView.swift; sourceTree = "<group>"; };
		7B1211781EFD056D006BE81B /* DetailTableViewController.swift */ = {isa = PBXFileReference; fileEncoding = 4; lastKnownFileType = sourcecode.swift; path = DetailTableViewController.swift; sourceTree = "<group>"; };
		7B6613901EE932EE00C83CEC /* ToolBottomView.swift */ = {isa = PBXFileReference; fileEncoding = 4; lastKnownFileType = sourcecode.swift; path = ToolBottomView.swift; sourceTree = "<group>"; };
		7B6C07A01EE6488000F2FF05 /* NavgationViewController.swift */ = {isa = PBXFileReference; fileEncoding = 4; lastKnownFileType = sourcecode.swift; path = NavgationViewController.swift; sourceTree = SOURCE_ROOT; };
		7B6C07A91EE697AB00F2FF05 /* HomeTableViewController.swift */ = {isa = PBXFileReference; fileEncoding = 4; lastKnownFileType = sourcecode.swift; path = HomeTableViewController.swift; sourceTree = "<group>"; };
		7B6C07B31EE6983C00F2FF05 /* MallsTableViewController.swift */ = {isa = PBXFileReference; fileEncoding = 4; lastKnownFileType = sourcecode.swift; path = MallsTableViewController.swift; sourceTree = SOURCE_ROOT; };
		7B6C07C01EE698FA00F2FF05 /* ColumnistViewController.swift */ = {isa = PBXFileReference; fileEncoding = 4; lastKnownFileType = sourcecode.swift; path = ColumnistViewController.swift; sourceTree = SOURCE_ROOT; };
		7B6C07C21EE6991F00F2FF05 /* ProfileViewController.swift */ = {isa = PBXFileReference; fileEncoding = 4; lastKnownFileType = sourcecode.swift; path = ProfileViewController.swift; sourceTree = SOURCE_ROOT; };
		7B6C07C41EE69D1200F2FF05 /* Author.swift */ = {isa = PBXFileReference; fileEncoding = 4; lastKnownFileType = sourcecode.swift; path = Author.swift; sourceTree = "<group>"; };
		7B7138D01EF906D2008EAA07 /* NetworkTool.swift */ = {isa = PBXFileReference; fileEncoding = 4; lastKnownFileType = sourcecode.swift; path = NetworkTool.swift; sourceTree = "<group>"; };
		7B9058191EE79CB800C48A1E /* TitleBtn.swift */ = {isa = PBXFileReference; fileEncoding = 4; lastKnownFileType = sourcecode.swift; path = TitleBtn.swift; sourceTree = "<group>"; };
		7B90581B1EE7AAAC00C48A1E /* HomeArticleCell.swift */ = {isa = PBXFileReference; fileEncoding = 4; lastKnownFileType = sourcecode.swift; path = HomeArticleCell.swift; sourceTree = "<group>"; };
		7B90581D1EE7CB0100C48A1E /* Article.swift */ = {isa = PBXFileReference; fileEncoding = 4; lastKnownFileType = sourcecode.swift; path = Article.swift; sourceTree = "<group>"; };
		7B95C5351EF7BC3000588618 /* TopViewController.swift */ = {isa = PBXFileReference; fileEncoding = 4; lastKnownFileType = sourcecode.swift; path = TopViewController.swift; sourceTree = "<group>"; };
		7B9FE1391EF00B9900C93251 /* BlurView.swift */ = {isa = PBXFileReference; fileEncoding = 4; lastKnownFileType = sourcecode.swift; path = BlurView.swift; sourceTree = "<group>"; };
		7B9FE13B1EF0113A00C93251 /* MallsCategoryHeader.swift */ = {isa = PBXFileReference; fileEncoding = 4; lastKnownFileType = sourcecode.swift; path = MallsCategoryHeader.swift; sourceTree = SOURCE_ROOT; };
		7B9FE13D1EF0168000C93251 /* MallsCategory.swift */ = {isa = PBXFileReference; fileEncoding = 4; lastKnownFileType = sourcecode.swift; path = MallsCategory.swift; sourceTree = SOURCE_ROOT; };
		7BD4F8621EE8EDFB00276689 /* Category.swift */ = {isa = PBXFileReference; fileEncoding = 4; lastKnownFileType = sourcecode.swift; path = Category.swift; sourceTree = "<group>"; };
		7BDE7DE11EE6C9E400D377FB /* RefreshControl.swift */ = {isa = PBXFileReference; fileEncoding = 4; lastKnownFileType = sourcecode.swift; path = RefreshControl.swift; sourceTree = "<group>"; };
		7BDE7DE31EE6C9FB00D377FB /* RefreshTipView.swift */ = {isa = PBXFileReference; fileEncoding = 4; lastKnownFileType = sourcecode.swift; path = RefreshTipView.swift; sourceTree = "<group>"; };
		F875150D44872778BC1D7495 /* Pods-FlowerField.release.xcconfig */ = {isa = PBXFileReference; includeInIndex = 1; lastKnownFileType = text.xcconfig; name = "Pods-FlowerField.release.xcconfig"; path = "Pods/Target Support Files/Pods-FlowerField/Pods-FlowerField.release.xcconfig"; sourceTree = "<group>"; };
/* End PBXFileReference section */

/* Begin PBXFrameworksBuildPhase section */
		7B048E4A1EE4EF27003C379E /* Frameworks */ = {
			isa = PBXFrameworksBuildPhase;
			buildActionMask = 2147483647;
			files = (
				7B048E941EE4F3DC003C379E /* Security.framework in Frameworks */,
				7B048E921EE4F3D6003C379E /* libiconv.2.4.0.tbd in Frameworks */,
				7B048EE91EE4FBEA003C379E /* libUMSocial_Sdk_5.2.1.a in Frameworks */,
				7B048E901EE4F3CC003C379E /* SystemConfiguration.framework in Frameworks */,
				7B048E8E1EE4F3BF003C379E /* CoreGraphics.framework in Frameworks */,
				7B048E8C1EE4F3B7003C379E /* libsqlite3.0.tbd in Frameworks */,
				7B048E8A1EE4F3AE003C379E /* CoreTelephony.framework in Frameworks */,
				7B048E881EE4F3A6003C379E /* libstdc++.tbd in Frameworks */,
				7B048EF41EE4FBEB003C379E /* libWeiboSDK.a in Frameworks */,
				7B048E861EE4F39D003C379E /* libz.tbd in Frameworks */,
				7B048E841EE4F393003C379E /* ImageIO.framework in Frameworks */,
				B961A300D908A1A5E7D626E7 /* Pods_FlowerField.framework in Frameworks */,
				7B048EF31EE4FBEB003C379E /* libSocialSinaSSO.a in Frameworks */,
			);
			runOnlyForDeploymentPostprocessing = 0;
		};
		7B048E5E1EE4EF28003C379E /* Frameworks */ = {
			isa = PBXFrameworksBuildPhase;
			buildActionMask = 2147483647;
			files = (
			);
			runOnlyForDeploymentPostprocessing = 0;
		};
		7B048E691EE4EF28003C379E /* Frameworks */ = {
			isa = PBXFrameworksBuildPhase;
			buildActionMask = 2147483647;
			files = (
			);
			runOnlyForDeploymentPostprocessing = 0;
		};
/* End PBXFrameworksBuildPhase section */

/* Begin PBXGroup section */
		71C414AE37E518DEF7F304FD /* Frameworks */ = {
			isa = PBXGroup;
			children = (
				7B048E931EE4F3DC003C379E /* Security.framework */,
				7B048E911EE4F3D6003C379E /* libiconv.2.4.0.tbd */,
				7B048E8F1EE4F3CC003C379E /* SystemConfiguration.framework */,
				7B048E8D1EE4F3BF003C379E /* CoreGraphics.framework */,
				7B048E8B1EE4F3B7003C379E /* libsqlite3.0.tbd */,
				7B048E891EE4F3AE003C379E /* CoreTelephony.framework */,
				7B048E871EE4F3A6003C379E /* libstdc++.tbd */,
				7B048E851EE4F39D003C379E /* libz.tbd */,
				7B048E831EE4F393003C379E /* ImageIO.framework */,
				3EC5490D3F0F90390F08BB6D /* Pods_FlowerField.framework */,
			);
			name = Frameworks;
			sourceTree = "<group>";
		};
		7B048E441EE4EF27003C379E = {
			isa = PBXGroup;
			children = (
				7B048E4F1EE4EF28003C379E /* FlowerField */,
				7B048E641EE4EF28003C379E /* FlowerFieldTests */,
				7B048E6F1EE4EF28003C379E /* FlowerFieldUITests */,
				7B048E4E1EE4EF27003C379E /* Products */,
				8D85958E3400F415CDC94476 /* Pods */,
				71C414AE37E518DEF7F304FD /* Frameworks */,
			);
			sourceTree = "<group>";
		};
		7B048E4E1EE4EF27003C379E /* Products */ = {
			isa = PBXGroup;
			children = (
				7B048E4D1EE4EF27003C379E /* FlowerField.app */,
				7B048E611EE4EF28003C379E /* FlowerFieldTests.xctest */,
				7B048E6C1EE4EF28003C379E /* FlowerFieldUITests.xctest */,
			);
			name = Products;
			sourceTree = "<group>";
		};
		7B048E4F1EE4EF28003C379E /* FlowerField */ = {
			isa = PBXGroup;
			children = (
				7B048E501EE4EF28003C379E /* AppDelegate.swift */,
				7B048E961EE4F4CC003C379E /* Classes */,
				7B048E541EE4EF28003C379E /* Main.storyboard */,
				7B048E571EE4EF28003C379E /* Assets.xcassets */,
				7B048E591EE4EF28003C379E /* LaunchScreen.storyboard */,
				7B048E5C1EE4EF28003C379E /* Info.plist */,
			);
			path = FlowerField;
			sourceTree = "<group>";
		};
		7B048E641EE4EF28003C379E /* FlowerFieldTests */ = {
			isa = PBXGroup;
			children = (
				7B048E651EE4EF28003C379E /* FlowerFieldTests.swift */,
				7B048E671EE4EF28003C379E /* Info.plist */,
			);
			path = FlowerFieldTests;
			sourceTree = "<group>";
		};
		7B048E6F1EE4EF28003C379E /* FlowerFieldUITests */ = {
			isa = PBXGroup;
			children = (
				7B048E701EE4EF28003C379E /* FlowerFieldUITests.swift */,
				7B048E721EE4EF28003C379E /* Info.plist */,
			);
			path = FlowerFieldUITests;
			sourceTree = "<group>";
		};
		7B048E961EE4F4CC003C379E /* Classes */ = {
			isa = PBXGroup;
			children = (
				7B048E9C1EE4F4CC003C379E /* Resources(资源) */,
				7B048E9D1EE4F4CC003C379E /* Tools(工具) */,
				7B048E9A1EE4F4CC003C379E /* Network(网络请求) */,
				7B048E971EE4F4CC003C379E /* Home(首页) */,
				7B048E981EE4F4CC003C379E /* Main(基类) */,
				7B048E991EE4F4CC003C379E /* Malls(商城) */,
				7B048E9B1EE4F4CC003C379E /* Profile(我的) */,
			);
			path = Classes;
			sourceTree = "<group>";
		};
		7B048E971EE4F4CC003C379E /* Home(首页) */ = {
			isa = PBXGroup;
			children = (
				7B6C07A51EE696B900F2FF05 /* ImageBrowser */,
				7B6C07A41EE696B600F2FF05 /* Top */,
				7B6C07A31EE696B400F2FF05 /* Detail */,
				7B6C07A21EE696B100F2FF05 /* Home */,
			);
			name = "Home(首页)";
			path = Home;
			sourceTree = "<group>";
		};
		7B048E981EE4F4CC003C379E /* Main(基类) */ = {
			isa = PBXGroup;
			children = (
				7B048E9F1EE4F604003C379E /* NewFeature */,
				7B048E9E1EE4F602003C379E /* Main */,
			);
			name = "Main(基类)";
			path = Main;
			sourceTree = "<group>";
		};
		7B048E991EE4F4CC003C379E /* Malls(商城) */ = {
			isa = PBXGroup;
			children = (
				7B6C07AE1EE697DC00F2FF05 /* Address */,
				7B6C07AD1EE697D700F2FF05 /* Order */,
				7B6C07AC1EE697D400F2FF05 /* Detail */,
				7B6C07AB1EE697D200F2FF05 /* Mails */,
			);
			name = "Malls(商城)";
			path = Malls;
			sourceTree = "<group>";
		};
		7B048E9A1EE4F4CC003C379E /* Network(网络请求) */ = {
			isa = PBXGroup;
			children = (
				7B7138D01EF906D2008EAA07 /* NetworkTool.swift */,
			);
			name = "Network(网络请求)";
			path = Network;
			sourceTree = "<group>";
		};
		7B048E9B1EE4F4CC003C379E /* Profile(我的) */ = {
			isa = PBXGroup;
			children = (
				7B6C07B91EE6986200F2FF05 /* Remind */,
				7B6C07B81EE6986000F2FF05 /* Setting */,
				7B6C07B71EE6985E00F2FF05 /* Columnist */,
				7B6C07B61EE6985C00F2FF05 /* Login */,
				7B6C07B51EE6985900F2FF05 /* Profile */,
			);
			name = "Profile(我的)";
			path = Profile;
			sourceTree = "<group>";
		};
		7B048E9C1EE4F4CC003C379E /* Resources(资源) */ = {
			isa = PBXGroup;
			children = (
				7B048EA41EE4F9FA003C379E /* js */,
				7B048EA31EE4F9F8003C379E /* font */,
				7B048EA21EE4F9F4003C379E /* plist */,
			);
			name = "Resources(资源)";
			path = Resources;
			sourceTree = "<group>";
		};
		7B048E9D1EE4F4CC003C379E /* Tools(工具) */ = {
			isa = PBXGroup;
			children = (
				7B048EB71EE4FB8D003C379E /* tools */,
				7B048EB61EE4FB87003C379E /* 3thLib */,
				7B048EB51EE4FB84003C379E /* Category */,
			);
			name = "Tools(工具)";
			path = Tools;
			sourceTree = "<group>";
		};
		7B048E9E1EE4F602003C379E /* Main */ = {
			isa = PBXGroup;
			children = (
				7B048F121EE542C3003C379E /* Controller */,
				7B048F111EE542C0003C379E /* Model */,
				7B048F101EE542BE003C379E /* View */,
			);
			name = Main;
			sourceTree = "<group>";
		};
		7B048E9F1EE4F604003C379E /* NewFeature */ = {
			isa = PBXGroup;
			children = (
				7B048EA11EE4F624003C379E /* Controller */,
				7B048EA01EE4F61E003C379E /* View */,
			);
			name = NewFeature;
			sourceTree = "<group>";
		};
		7B048EA01EE4F61E003C379E /* View */ = {
			isa = PBXGroup;
			children = (
				7B048F0E1EE5374C003C379E /* NewFeatureCell.swift */,
			);
			name = View;
			sourceTree = "<group>";
		};
		7B048EA11EE4F624003C379E /* Controller */ = {
			isa = PBXGroup;
			children = (
				7B048F0C1EE53495003C379E /* NewFeatureViewController.swift */,
			);
			name = Controller;
			sourceTree = "<group>";
		};
		7B048EA21EE4F9F4003C379E /* plist */ = {
			isa = PBXGroup;
			children = (
				7B048EAF1EE4FAFB003C379E /* area.plist */,
				7B048EB01EE4FAFB003C379E /* city.plist */,
				7B048EB11EE4FAFB003C379E /* country.plist */,
			);
			name = plist;
			sourceTree = "<group>";
		};
		7B048EA31EE4F9F8003C379E /* font */ = {
			isa = PBXGroup;
			children = (
				7B048EA71EE4FAF2003C379E /* 方正兰亭纤黑简体.TTF */,
				7B048EA81EE4FAF2003C379E /* CODE BOLD.OTF */,
				7B048EA91EE4FAF2003C379E /* CODE LIGHT.OTF */,
				7B048EAA1EE4FAF2003C379E /* FZXQJW_0.TTF */,
			);
			name = font;
			sourceTree = "<group>";
		};
		7B048EA41EE4F9FA003C379E /* js */ = {
			isa = PBXGroup;
			children = (
				7B048EA51EE4FADF003C379E /* image.js */,
			);
			name = js;
			sourceTree = "<group>";
		};
		7B048EB51EE4FB84003C379E /* Category */ = {
			isa = PBXGroup;
			children = (
				7B048EFA1EE50229003C379E /* NSString+Extension.swift */,
				7B048EFC1EE5034F003C379E /* NSDate+Extension.swift */,
				7B048EFE1EE508F0003C379E /* UIViewController+HUD.swift */,
				7B048F001EE52860003C379E /* UIButton+Extension.swift */,
				7B048F021EE52958003C379E /* UIColor+Extension.swift */,
				7B048F041EE52BBE003C379E /* UIImage+Extension.swift */,
				7B048F061EE52ECC003C379E /* UITextField+Extension.swift */,
				7B048F081EE53036003C379E /* UILabel+Extension.swift */,
				7B048F0A1EE53071003C379E /* NSObject+Extension.swift */,
			);
			name = Category;
			sourceTree = "<group>";
		};
		7B048EB61EE4FB87003C379E /* 3thLib */ = {
			isa = PBXGroup;
			children = (
				7B048EF71EE4FD9E003C379E /* Header-brid.h */,
				7B048EB81EE4FBEA003C379E /* MBProgressHUD */,
				7B048EBB1EE4FBEA003C379E /* UMSocial_Sdk_5.2.1 */,
				7B048ED61EE4FBEA003C379E /* UMSocial_Sdk_Extra_Frameworks */,
			);
			name = 3thLib;
			sourceTree = "<group>";
		};
		7B048EB71EE4FB8D003C379E /* tools */ = {
			isa = PBXGroup;
			children = (
				7B048EF81EE4FDE8003C379E /* ShareTool.swift */,
			);
			name = tools;
			sourceTree = "<group>";
		};
		7B048EB81EE4FBEA003C379E /* MBProgressHUD */ = {
			isa = PBXGroup;
			children = (
				7B048EB91EE4FBEA003C379E /* MBProgressHUD.h */,
				7B048EBA1EE4FBEA003C379E /* MBProgressHUD.m */,
			);
			path = MBProgressHUD;
			sourceTree = "<group>";
		};
		7B048EBB1EE4FBEA003C379E /* UMSocial_Sdk_5.2.1 */ = {
			isa = PBXGroup;
			children = (
				7B048EBC1EE4FBEA003C379E /* UMSocialLocalizable.strings */,
				7B048EBE1EE4FBEA003C379E /* Header */,
				7B048ECA1EE4FBEA003C379E /* libUMSocial_Sdk_5.2.1.a */,
				7B048ECB1EE4FBEA003C379E /* SocialSDKXib */,
				7B048ED41EE4FBEA003C379E /* UMSocialSDKResourcesNew.bundle */,
			);
			path = UMSocial_Sdk_5.2.1;
			sourceTree = "<group>";
		};
		7B048EBE1EE4FBEA003C379E /* Header */ = {
			isa = PBXGroup;
			children = (
				7B048EBF1EE4FBEA003C379E /* UMSocial.h */,
				7B048EC01EE4FBEA003C379E /* UMSocialAccountManager.h */,
				7B048EC11EE4FBEA003C379E /* UMSocialBar.h */,
				7B048EC21EE4FBEA003C379E /* UMSocialConfig.h */,
				7B048EC31EE4FBEA003C379E /* UMSocialControllerService.h */,
				7B048EC41EE4FBEA003C379E /* UMSocialControllerServiceComment.h */,
				7B048EC51EE4FBEA003C379E /* UMSocialData.h */,
				7B048EC61EE4FBEA003C379E /* UMSocialDataService.h */,
				7B048EC71EE4FBEA003C379E /* UMSocialSnsData.h */,
				7B048EC81EE4FBEA003C379E /* UMSocialSnsPlatformManager.h */,
				7B048EC91EE4FBEA003C379E /* UMSocialSnsService.h */,
			);
			path = Header;
			sourceTree = "<group>";
		};
		7B048ECB1EE4FBEA003C379E /* SocialSDKXib */ = {
			isa = PBXGroup;
			children = (
				7B048ECC1EE4FBEA003C379E /* UMSCommentDetailController.xib */,
				7B048ECD1EE4FBEA003C379E /* UMSCommentInputController.xib */,
				7B048ECE1EE4FBEA003C379E /* UMSCommentInputControlleriPad.xib */,
				7B048ECF1EE4FBEA003C379E /* UMShareEditViewController.xib */,
				7B048ED01EE4FBEA003C379E /* UMShareEditViewControlleriPad.xib */,
				7B048ED11EE4FBEA003C379E /* UMSLoginViewController.xib */,
				7B048ED21EE4FBEA003C379E /* UMSnsAccountViewController.xib */,
				7B048ED31EE4FBEA003C379E /* UMSShareListController.xib */,
			);
			path = SocialSDKXib;
			sourceTree = "<group>";
		};
		7B048ED61EE4FBEA003C379E /* UMSocial_Sdk_Extra_Frameworks */ = {
			isa = PBXGroup;
			children = (
				7B048ED71EE4FBEA003C379E /* SinaSSO */,
			);
			path = UMSocial_Sdk_Extra_Frameworks;
			sourceTree = "<group>";
		};
		7B048ED71EE4FBEA003C379E /* SinaSSO */ = {
			isa = PBXGroup;
			children = (
				7B048ED81EE4FBEA003C379E /* libSocialSinaSSO.a */,
				7B048ED91EE4FBEA003C379E /* libWeiboSDK.a */,
				7B048EDA1EE4FBEA003C379E /* UMSocialSinaSSOHandler.h */,
				7B048EDB1EE4FBEA003C379E /* WBHttpRequest+WeiboGame.h */,
				7B048EDC1EE4FBEA003C379E /* WBHttpRequest+WeiboShare.h */,
				7B048EDD1EE4FBEA003C379E /* WBHttpRequest+WeiboToken.h */,
				7B048EDE1EE4FBEA003C379E /* WBHttpRequest+WeiboUser.h */,
				7B048EDF1EE4FBEA003C379E /* WBHttpRequest.h */,
				7B048EE01EE4FBEA003C379E /* WBSDKBasicButton.h */,
				7B048EE11EE4FBEA003C379E /* WBSDKCommentButton.h */,
				7B048EE21EE4FBEA003C379E /* WBSDKRelationshipButton.h */,
				7B048EE31EE4FBEA003C379E /* WeiboSDK+Statistics.h */,
				7B048EE41EE4FBEA003C379E /* WeiboSDK.bundle */,
				7B048EE51EE4FBEA003C379E /* WeiboSDK.h */,
				7B048EE61EE4FBEA003C379E /* WeiboUser.h */,
			);
			path = SinaSSO;
			sourceTree = "<group>";
		};
		7B048F101EE542BE003C379E /* View */ = {
			isa = PBXGroup;
			children = (
			);
			name = View;
			sourceTree = "<group>";
		};
		7B048F111EE542C0003C379E /* Model */ = {
			isa = PBXGroup;
			children = (
			);
			name = Model;
			sourceTree = "<group>";
		};
		7B048F121EE542C3003C379E /* Controller */ = {
			isa = PBXGroup;
			children = (
				7B048F131EE54307003C379E /* MainViewController.swift */,
				7B6C07A01EE6488000F2FF05 /* NavgationViewController.swift */,
			);
			name = Controller;
			sourceTree = "<group>";
		};
		7B1211651EFCC190006BE81B /* View */ = {
			isa = PBXGroup;
			children = (
				7B12116B1EFCC774006BE81B /* Cell */,
				7B12116A1EFCC771006BE81B /* View */,
			);
			name = View;
			sourceTree = "<group>";
		};
		7B1211661EFCC192006BE81B /* Controller */ = {
			isa = PBXGroup;
			children = (
				7B1211781EFD056D006BE81B /* DetailTableViewController.swift */,
			);
			name = Controller;
			sourceTree = "<group>";
		};
		7B1211671EFCC195006BE81B /* Model */ = {
			isa = PBXGroup;
			children = (
				7B1211681EFCC263006BE81B /* Comment.swift */,
			);
			name = Model;
			sourceTree = "<group>";
		};
		7B12116A1EFCC771006BE81B /* View */ = {
			isa = PBXGroup;
			children = (
				7B1211721EFCC7FF006BE81B /* CommentBottomView.swift */,
				7B1211741EFCC811006BE81B /* DetailHeaderView.swift */,
				7B1211761EFCC821006BE81B /* ShareBlurView.swift */,
			);
			name = View;
			sourceTree = "<group>";
		};
		7B12116B1EFCC774006BE81B /* Cell */ = {
			isa = PBXGroup;
			children = (
				7B12116C1EFCC7BF006BE81B /* CommentViewCell.swift */,
				7B12116E1EFCC7D4006BE81B /* DetailHeadCell.swift */,
				7B1211701EFCC7E1006BE81B /* DetailWebViewCell.swift */,
			);
			name = Cell;
			sourceTree = "<group>";
		};
		7B6C07A21EE696B100F2FF05 /* Home */ = {
			isa = PBXGroup;
			children = (
				7B6C07A81EE6972500F2FF05 /* View */,
				7B6C07A71EE6972200F2FF05 /* Controller */,
				7B6C07A61EE6972000F2FF05 /* Model */,
			);
			name = Home;
			sourceTree = "<group>";
		};
		7B6C07A31EE696B400F2FF05 /* Detail */ = {
			isa = PBXGroup;
			children = (
				7B1211671EFCC195006BE81B /* Model */,
				7B1211661EFCC192006BE81B /* Controller */,
				7B1211651EFCC190006BE81B /* View */,
			);
			name = Detail;
			sourceTree = "<group>";
		};
		7B6C07A41EE696B600F2FF05 /* Top */ = {
			isa = PBXGroup;
			children = (
				7B95C5341EF7BC1200588618 /* Controller */,
				7B95C5331EF7BC0F00588618 /* View */,
			);
			name = Top;
			sourceTree = "<group>";
		};
		7B6C07A51EE696B900F2FF05 /* ImageBrowser */ = {
			isa = PBXGroup;
			children = (
			);
			name = ImageBrowser;
			sourceTree = "<group>";
		};
		7B6C07A61EE6972000F2FF05 /* Model */ = {
			isa = PBXGroup;
			children = (
				7B90581D1EE7CB0100C48A1E /* Article.swift */,
				7B6C07C41EE69D1200F2FF05 /* Author.swift */,
				7BD4F8621EE8EDFB00276689 /* Category.swift */,
			);
			name = Model;
			sourceTree = "<group>";
		};
		7B6C07A71EE6972200F2FF05 /* Controller */ = {
			isa = PBXGroup;
			children = (
				7B6C07A91EE697AB00F2FF05 /* HomeTableViewController.swift */,
			);
			name = Controller;
			sourceTree = "<group>";
		};
		7B6C07A81EE6972500F2FF05 /* View */ = {
			isa = PBXGroup;
			children = (
				7BDE7DE01EE6C9B300D377FB /* RefreshControll */,
				7B9058191EE79CB800C48A1E /* TitleBtn.swift */,
				7B90581B1EE7AAAC00C48A1E /* HomeArticleCell.swift */,
				7B6613901EE932EE00C83CEC /* ToolBottomView.swift */,
				7B9FE1391EF00B9900C93251 /* BlurView.swift */,
			);
			name = View;
			sourceTree = "<group>";
		};
		7B6C07AB1EE697D200F2FF05 /* Mails */ = {
			isa = PBXGroup;
			children = (
				7B6C07B21EE6980000F2FF05 /* Model */,
				7B6C07B11EE697FD00F2FF05 /* VIew */,
				7B6C07B01EE697FA00F2FF05 /* Controller */,
			);
			name = Mails;
			sourceTree = "<group>";
		};
		7B6C07AC1EE697D400F2FF05 /* Detail */ = {
			isa = PBXGroup;
			children = (
			);
			name = Detail;
			sourceTree = "<group>";
		};
		7B6C07AD1EE697D700F2FF05 /* Order */ = {
			isa = PBXGroup;
			children = (
			);
			name = Order;
			sourceTree = "<group>";
		};
		7B6C07AE1EE697DC00F2FF05 /* Address */ = {
			isa = PBXGroup;
			children = (
			);
			name = Address;
			sourceTree = "<group>";
		};
		7B6C07B01EE697FA00F2FF05 /* Controller */ = {
			isa = PBXGroup;
			children = (
				7B6C07B31EE6983C00F2FF05 /* MallsTableViewController.swift */,
			);
			name = Controller;
			sourceTree = "<group>";
		};
		7B6C07B11EE697FD00F2FF05 /* VIew */ = {
			isa = PBXGroup;
			children = (
				7B9FE13B1EF0113A00C93251 /* MallsCategoryHeader.swift */,
			);
			name = VIew;
			sourceTree = "<group>";
		};
		7B6C07B21EE6980000F2FF05 /* Model */ = {
			isa = PBXGroup;
			children = (
				7B9FE13D1EF0168000C93251 /* MallsCategory.swift */,
			);
			name = Model;
			sourceTree = "<group>";
		};
		7B6C07B51EE6985900F2FF05 /* Profile */ = {
			isa = PBXGroup;
			children = (
				7B6C07BC1EE698A100F2FF05 /* Model */,
				7B6C07BB1EE6989F00F2FF05 /* View */,
				7B6C07BA1EE6989B00F2FF05 /* Controller */,
			);
			name = Profile;
			sourceTree = "<group>";
		};
		7B6C07B61EE6985C00F2FF05 /* Login */ = {
			isa = PBXGroup;
			children = (
			);
			name = Login;
			sourceTree = "<group>";
		};
		7B6C07B71EE6985E00F2FF05 /* Columnist */ = {
			isa = PBXGroup;
			children = (
				7B6C07BF1EE698CE00F2FF05 /* Model */,
				7B6C07BE1EE698CC00F2FF05 /* View */,
				7B6C07BD1EE698CA00F2FF05 /* Controller */,
			);
			name = Columnist;
			sourceTree = "<group>";
		};
		7B6C07B81EE6986000F2FF05 /* Setting */ = {
			isa = PBXGroup;
			children = (
			);
			name = Setting;
			sourceTree = "<group>";
		};
		7B6C07B91EE6986200F2FF05 /* Remind */ = {
			isa = PBXGroup;
			children = (
			);
			name = Remind;
			sourceTree = "<group>";
		};
		7B6C07BA1EE6989B00F2FF05 /* Controller */ = {
			isa = PBXGroup;
			children = (
				7B6C07C21EE6991F00F2FF05 /* ProfileViewController.swift */,
			);
			name = Controller;
			sourceTree = "<group>";
		};
		7B6C07BB1EE6989F00F2FF05 /* View */ = {
			isa = PBXGroup;
			children = (
			);
			name = View;
			sourceTree = "<group>";
		};
		7B6C07BC1EE698A100F2FF05 /* Model */ = {
			isa = PBXGroup;
			children = (
			);
			name = Model;
			sourceTree = "<group>";
		};
		7B6C07BD1EE698CA00F2FF05 /* Controller */ = {
			isa = PBXGroup;
			children = (
				7B6C07C01EE698FA00F2FF05 /* ColumnistViewController.swift */,
			);
			name = Controller;
			sourceTree = "<group>";
		};
		7B6C07BE1EE698CC00F2FF05 /* View */ = {
			isa = PBXGroup;
			children = (
			);
			name = View;
			sourceTree = "<group>";
		};
		7B6C07BF1EE698CE00F2FF05 /* Model */ = {
			isa = PBXGroup;
			children = (
			);
			name = Model;
			sourceTree = "<group>";
		};
		7B95C5331EF7BC0F00588618 /* View */ = {
			isa = PBXGroup;
			children = (
			);
			name = View;
			sourceTree = "<group>";
		};
		7B95C5341EF7BC1200588618 /* Controller */ = {
			isa = PBXGroup;
			children = (
				7B95C5351EF7BC3000588618 /* TopViewController.swift */,
			);
			name = Controller;
			sourceTree = "<group>";
		};
		7BDE7DE01EE6C9B300D377FB /* RefreshControll */ = {
			isa = PBXGroup;
			children = (
				7BDE7DE11EE6C9E400D377FB /* RefreshControl.swift */,
				7BDE7DE31EE6C9FB00D377FB /* RefreshTipView.swift */,
			);
			name = RefreshControll;
			sourceTree = "<group>";
		};
		8D85958E3400F415CDC94476 /* Pods */ = {
			isa = PBXGroup;
			children = (
				294AA9DC1E078E205406D08E /* Pods-FlowerField.debug.xcconfig */,
				F875150D44872778BC1D7495 /* Pods-FlowerField.release.xcconfig */,
			);
			name = Pods;
			sourceTree = "<group>";
		};
/* End PBXGroup section */

/* Begin PBXNativeTarget section */
		7B048E4C1EE4EF27003C379E /* FlowerField */ = {
			isa = PBXNativeTarget;
			buildConfigurationList = 7B048E751EE4EF28003C379E /* Build configuration list for PBXNativeTarget "FlowerField" */;
			buildPhases = (
				FB6BEB649DF73689671BC0EF /* [CP] Check Pods Manifest.lock */,
				7B048E491EE4EF27003C379E /* Sources */,
				7B048E4A1EE4EF27003C379E /* Frameworks */,
				7B048E4B1EE4EF27003C379E /* Resources */,
				3EED626B9E4DDDD1179082DA /* [CP] Embed Pods Frameworks */,
				001BB03B7B2D64E132CA6C3C /* [CP] Copy Pods Resources */,
			);
			buildRules = (
			);
			dependencies = (
			);
			name = FlowerField;
			productName = FlowerField;
			productReference = 7B048E4D1EE4EF27003C379E /* FlowerField.app */;
			productType = "com.apple.product-type.application";
		};
		7B048E601EE4EF28003C379E /* FlowerFieldTests */ = {
			isa = PBXNativeTarget;
			buildConfigurationList = 7B048E781EE4EF28003C379E /* Build configuration list for PBXNativeTarget "FlowerFieldTests" */;
			buildPhases = (
				7B048E5D1EE4EF28003C379E /* Sources */,
				7B048E5E1EE4EF28003C379E /* Frameworks */,
				7B048E5F1EE4EF28003C379E /* Resources */,
			);
			buildRules = (
			);
			dependencies = (
				7B048E631EE4EF28003C379E /* PBXTargetDependency */,
			);
			name = FlowerFieldTests;
			productName = FlowerFieldTests;
			productReference = 7B048E611EE4EF28003C379E /* FlowerFieldTests.xctest */;
			productType = "com.apple.product-type.bundle.unit-test";
		};
		7B048E6B1EE4EF28003C379E /* FlowerFieldUITests */ = {
			isa = PBXNativeTarget;
			buildConfigurationList = 7B048E7B1EE4EF28003C379E /* Build configuration list for PBXNativeTarget "FlowerFieldUITests" */;
			buildPhases = (
				7B048E681EE4EF28003C379E /* Sources */,
				7B048E691EE4EF28003C379E /* Frameworks */,
				7B048E6A1EE4EF28003C379E /* Resources */,
			);
			buildRules = (
			);
			dependencies = (
				7B048E6E1EE4EF28003C379E /* PBXTargetDependency */,
			);
			name = FlowerFieldUITests;
			productName = FlowerFieldUITests;
			productReference = 7B048E6C1EE4EF28003C379E /* FlowerFieldUITests.xctest */;
			productType = "com.apple.product-type.bundle.ui-testing";
		};
/* End PBXNativeTarget section */

/* Begin PBXProject section */
		7B048E451EE4EF27003C379E /* Project object */ = {
			isa = PBXProject;
			attributes = {
				CLASSPREFIX = XC;
				LastSwiftUpdateCheck = 0730;
				LastUpgradeCheck = 0730;
				ORGANIZATIONNAME = cjw;
				TargetAttributes = {
					7B048E4C1EE4EF27003C379E = {
						CreatedOnToolsVersion = 7.3.1;
					};
					7B048E601EE4EF28003C379E = {
						CreatedOnToolsVersion = 7.3.1;
						TestTargetID = 7B048E4C1EE4EF27003C379E;
					};
					7B048E6B1EE4EF28003C379E = {
						CreatedOnToolsVersion = 7.3.1;
						TestTargetID = 7B048E4C1EE4EF27003C379E;
					};
				};
			};
			buildConfigurationList = 7B048E481EE4EF27003C379E /* Build configuration list for PBXProject "FlowerField" */;
			compatibilityVersion = "Xcode 3.2";
			developmentRegion = English;
			hasScannedForEncodings = 0;
			knownRegions = (
				en,
				Base,
				"zh-Hans",
			);
			mainGroup = 7B048E441EE4EF27003C379E;
			productRefGroup = 7B048E4E1EE4EF27003C379E /* Products */;
			projectDirPath = "";
			projectRoot = "";
			targets = (
				7B048E4C1EE4EF27003C379E /* FlowerField */,
				7B048E601EE4EF28003C379E /* FlowerFieldTests */,
				7B048E6B1EE4EF28003C379E /* FlowerFieldUITests */,
			);
		};
/* End PBXProject section */

/* Begin PBXResourcesBuildPhase section */
		7B048E4B1EE4EF27003C379E /* Resources */ = {
			isa = PBXResourcesBuildPhase;
			buildActionMask = 2147483647;
			files = (
				7B048EEB1EE4FBEB003C379E /* UMSCommentInputController.xib in Resources */,
				7B048EB41EE4FAFB003C379E /* country.plist in Resources */,
				7B048EAC1EE4FAF2003C379E /* CODE BOLD.OTF in Resources */,
				7B048EF01EE4FBEB003C379E /* UMSnsAccountViewController.xib in Resources */,
				7B048EEC1EE4FBEB003C379E /* UMSCommentInputControlleriPad.xib in Resources */,
				7B048EE81EE4FBEA003C379E /* UMSocialLocalizable.strings in Resources */,
				7B048EF21EE4FBEB003C379E /* UMSocialSDKResourcesNew.bundle in Resources */,
				7B048EAE1EE4FAF2003C379E /* FZXQJW_0.TTF in Resources */,
				7B048EAD1EE4FAF2003C379E /* CODE LIGHT.OTF in Resources */,
				7B048E5B1EE4EF28003C379E /* LaunchScreen.storyboard in Resources */,
				7B048EED1EE4FBEB003C379E /* UMShareEditViewController.xib in Resources */,
				7B048E581EE4EF28003C379E /* Assets.xcassets in Resources */,
				7B048EA61EE4FADF003C379E /* image.js in Resources */,
				7B048EEA1EE4FBEB003C379E /* UMSCommentDetailController.xib in Resources */,
				7B048EAB1EE4FAF2003C379E /* 方正兰亭纤黑简体.TTF in Resources */,
				7B048EEE1EE4FBEB003C379E /* UMShareEditViewControlleriPad.xib in Resources */,
				7B048EF11EE4FBEB003C379E /* UMSShareListController.xib in Resources */,
				7B048EEF1EE4FBEB003C379E /* UMSLoginViewController.xib in Resources */,
				7B048EB31EE4FAFB003C379E /* city.plist in Resources */,
				7B048EF51EE4FBEB003C379E /* WeiboSDK.bundle in Resources */,
				7B048E561EE4EF28003C379E /* Main.storyboard in Resources */,
				7B048EB21EE4FAFB003C379E /* area.plist in Resources */,
			);
			runOnlyForDeploymentPostprocessing = 0;
		};
		7B048E5F1EE4EF28003C379E /* Resources */ = {
			isa = PBXResourcesBuildPhase;
			buildActionMask = 2147483647;
			files = (
			);
			runOnlyForDeploymentPostprocessing = 0;
		};
		7B048E6A1EE4EF28003C379E /* Resources */ = {
			isa = PBXResourcesBuildPhase;
			buildActionMask = 2147483647;
			files = (
			);
			runOnlyForDeploymentPostprocessing = 0;
		};
/* End PBXResourcesBuildPhase section */

/* Begin PBXShellScriptBuildPhase section */
		001BB03B7B2D64E132CA6C3C /* [CP] Copy Pods Resources */ = {
			isa = PBXShellScriptBuildPhase;
			buildActionMask = 2147483647;
			files = (
			);
			inputPaths = (
			);
			name = "[CP] Copy Pods Resources";
			outputPaths = (
			);
			runOnlyForDeploymentPostprocessing = 0;
			shellPath = /bin/sh;
			shellScript = "\"${SRCROOT}/Pods/Target Support Files/Pods-FlowerField/Pods-FlowerField-resources.sh\"\n";
			showEnvVarsInLog = 0;
		};
		3EED626B9E4DDDD1179082DA /* [CP] Embed Pods Frameworks */ = {
			isa = PBXShellScriptBuildPhase;
			buildActionMask = 2147483647;
			files = (
			);
			inputPaths = (
			);
			name = "[CP] Embed Pods Frameworks";
			outputPaths = (
			);
			runOnlyForDeploymentPostprocessing = 0;
			shellPath = /bin/sh;
			shellScript = "\"${SRCROOT}/Pods/Target Support Files/Pods-FlowerField/Pods-FlowerField-frameworks.sh\"\n";
			showEnvVarsInLog = 0;
		};
		FB6BEB649DF73689671BC0EF /* [CP] Check Pods Manifest.lock */ = {
			isa = PBXShellScriptBuildPhase;
			buildActionMask = 2147483647;
			files = (
			);
			inputPaths = (
			);
			name = "[CP] Check Pods Manifest.lock";
			outputPaths = (
			);
			runOnlyForDeploymentPostprocessing = 0;
			shellPath = /bin/sh;
			shellScript = "diff \"${PODS_ROOT}/../Podfile.lock\" \"${PODS_ROOT}/Manifest.lock\" > /dev/null\nif [ $? != 0 ] ; then\n    # print error to STDERR\n    echo \"error: The sandbox is not in sync with the Podfile.lock. Run 'pod install' or update your CocoaPods installation.\" >&2\n    exit 1\nfi\n";
			showEnvVarsInLog = 0;
		};
/* End PBXShellScriptBuildPhase section */

/* Begin PBXSourcesBuildPhase section */
		7B048E491EE4EF27003C379E /* Sources */ = {
			isa = PBXSourcesBuildPhase;
			buildActionMask = 2147483647;
			files = (
				7B90581E1EE7CB0100C48A1E /* Article.swift in Sources */,
				7B048EFD1EE5034F003C379E /* NSDate+Extension.swift in Sources */,
				7B9FE13E1EF0168000C93251 /* MallsCategory.swift in Sources */,
				7B048F0F1EE5374C003C379E /* NewFeatureCell.swift in Sources */,
				7B95C5361EF7BC3000588618 /* TopViewController.swift in Sources */,
				7B1211691EFCC263006BE81B /* Comment.swift in Sources */,
				7B6C07C31EE6991F00F2FF05 /* ProfileViewController.swift in Sources */,
				7B048EFB1EE50229003C379E /* NSString+Extension.swift in Sources */,
				7B048F031EE52958003C379E /* UIColor+Extension.swift in Sources */,
				7B048EFF1EE508F0003C379E /* UIViewController+HUD.swift in Sources */,
				7B048EE71EE4FBEA003C379E /* MBProgressHUD.m in Sources */,
				7B048F141EE54307003C379E /* MainViewController.swift in Sources */,
				7B1211711EFCC7E1006BE81B /* DetailWebViewCell.swift in Sources */,
				7B048F0D1EE53495003C379E /* NewFeatureViewController.swift in Sources */,
				7B048F071EE52ECC003C379E /* UITextField+Extension.swift in Sources */,
				7B048F0B1EE53071003C379E /* NSObject+Extension.swift in Sources */,
				7B9FE13C1EF0113A00C93251 /* MallsCategoryHeader.swift in Sources */,
				7B048F011EE52860003C379E /* UIButton+Extension.swift in Sources */,
				7B6C07C51EE69D1200F2FF05 /* Author.swift in Sources */,
				7B1211731EFCC7FF006BE81B /* CommentBottomView.swift in Sources */,
				7B048F091EE53036003C379E /* UILabel+Extension.swift in Sources */,
				7B6C07AA1EE697AB00F2FF05 /* HomeTableViewController.swift in Sources */,
				7B12116F1EFCC7D4006BE81B /* DetailHeadCell.swift in Sources */,
				7B1211751EFCC811006BE81B /* DetailHeaderView.swift in Sources */,
				7B90581C1EE7AAAC00C48A1E /* HomeArticleCell.swift in Sources */,
				7B1211771EFCC821006BE81B /* ShareBlurView.swift in Sources */,
				7B90581A1EE79CB800C48A1E /* TitleBtn.swift in Sources */,
				7B9FE13A1EF00B9900C93251 /* BlurView.swift in Sources */,
				7B7138D11EF906D2008EAA07 /* NetworkTool.swift in Sources */,
				7B6C07C11EE698FA00F2FF05 /* ColumnistViewController.swift in Sources */,
				7B12116D1EFCC7BF006BE81B /* CommentViewCell.swift in Sources */,
				7B6C07B41EE6983C00F2FF05 /* MallsTableViewController.swift in Sources */,
				7B048F051EE52BBE003C379E /* UIImage+Extension.swift in Sources */,
				7B048E511EE4EF28003C379E /* AppDelegate.swift in Sources */,
				7B6C07A11EE6488000F2FF05 /* NavgationViewController.swift in Sources */,
				7BD4F8631EE8EDFB00276689 /* Category.swift in Sources */,
				7B1211791EFD056D006BE81B /* DetailTableViewController.swift in Sources */,
				7BDE7DE41EE6C9FB00D377FB /* RefreshTipView.swift in Sources */,
				7B6613911EE932EE00C83CEC /* ToolBottomView.swift in Sources */,
				7B048EF91EE4FDE8003C379E /* ShareTool.swift in Sources */,
				7BDE7DE21EE6C9E400D377FB /* RefreshControl.swift in Sources */,
			);
			runOnlyForDeploymentPostprocessing = 0;
		};
		7B048E5D1EE4EF28003C379E /* Sources */ = {
			isa = PBXSourcesBuildPhase;
			buildActionMask = 2147483647;
			files = (
				7B048E661EE4EF28003C379E /* FlowerFieldTests.swift in Sources */,
			);
			runOnlyForDeploymentPostprocessing = 0;
		};
		7B048E681EE4EF28003C379E /* Sources */ = {
			isa = PBXSourcesBuildPhase;
			buildActionMask = 2147483647;
			files = (
				7B048E711EE4EF28003C379E /* FlowerFieldUITests.swift in Sources */,
			);
			runOnlyForDeploymentPostprocessing = 0;
		};
/* End PBXSourcesBuildPhase section */

/* Begin PBXTargetDependency section */
		7B048E631EE4EF28003C379E /* PBXTargetDependency */ = {
			isa = PBXTargetDependency;
			target = 7B048E4C1EE4EF27003C379E /* FlowerField */;
			targetProxy = 7B048E621EE4EF28003C379E /* PBXContainerItemProxy */;
		};
		7B048E6E1EE4EF28003C379E /* PBXTargetDependency */ = {
			isa = PBXTargetDependency;
			target = 7B048E4C1EE4EF27003C379E /* FlowerField */;
			targetProxy = 7B048E6D1EE4EF28003C379E /* PBXContainerItemProxy */;
		};
/* End PBXTargetDependency section */

/* Begin PBXVariantGroup section */
		7B048E541EE4EF28003C379E /* Main.storyboard */ = {
			isa = PBXVariantGroup;
			children = (
				7B048E551EE4EF28003C379E /* Base */,
			);
			name = Main.storyboard;
			sourceTree = "<group>";
		};
		7B048E591EE4EF28003C379E /* LaunchScreen.storyboard */ = {
			isa = PBXVariantGroup;
			children = (
				7B048E5A1EE4EF28003C379E /* Base */,
			);
			name = LaunchScreen.storyboard;
			sourceTree = "<group>";
		};
		7B048EBC1EE4FBEA003C379E /* UMSocialLocalizable.strings */ = {
			isa = PBXVariantGroup;
			children = (
				7B048EBD1EE4FBEA003C379E /* en */,
				7B048ED51EE4FBEA003C379E /* zh-Hans */,
			);
			name = UMSocialLocalizable.strings;
			sourceTree = "<group>";
		};
/* End PBXVariantGroup section */

/* Begin XCBuildConfiguration section */
		7B048E731EE4EF28003C379E /* Debug */ = {
			isa = XCBuildConfiguration;
			buildSettings = {
				ALWAYS_SEARCH_USER_PATHS = NO;
				CLANG_ANALYZER_NONNULL = YES;
				CLANG_CXX_LANGUAGE_STANDARD = "gnu++0x";
				CLANG_CXX_LIBRARY = "libc++";
				CLANG_ENABLE_MODULES = YES;
				CLANG_ENABLE_OBJC_ARC = YES;
				CLANG_WARN_BOOL_CONVERSION = YES;
				CLANG_WARN_CONSTANT_CONVERSION = YES;
				CLANG_WARN_DIRECT_OBJC_ISA_USAGE = YES_ERROR;
				CLANG_WARN_EMPTY_BODY = YES;
				CLANG_WARN_ENUM_CONVERSION = YES;
				CLANG_WARN_INT_CONVERSION = YES;
				CLANG_WARN_OBJC_ROOT_CLASS = YES_ERROR;
				CLANG_WARN_UNREACHABLE_CODE = YES;
				CLANG_WARN__DUPLICATE_METHOD_MATCH = YES;
				"CODE_SIGN_IDENTITY[sdk=iphoneos*]" = "iPhone Developer";
				COPY_PHASE_STRIP = NO;
				DEBUG_INFORMATION_FORMAT = dwarf;
				ENABLE_STRICT_OBJC_MSGSEND = YES;
				ENABLE_TESTABILITY = YES;
				GCC_C_LANGUAGE_STANDARD = gnu99;
				GCC_DYNAMIC_NO_PIC = NO;
				GCC_NO_COMMON_BLOCKS = YES;
				GCC_OPTIMIZATION_LEVEL = 0;
				GCC_PREPROCESSOR_DEFINITIONS = (
					"DEBUG=1",
					"$(inherited)",
				);
				GCC_WARN_64_TO_32_BIT_CONVERSION = YES;
				GCC_WARN_ABOUT_RETURN_TYPE = YES_ERROR;
				GCC_WARN_UNDECLARED_SELECTOR = YES;
				GCC_WARN_UNINITIALIZED_AUTOS = YES_AGGRESSIVE;
				GCC_WARN_UNUSED_FUNCTION = YES;
				GCC_WARN_UNUSED_VARIABLE = YES;
				IPHONEOS_DEPLOYMENT_TARGET = 9.3;
				MTL_ENABLE_DEBUG_INFO = YES;
				ONLY_ACTIVE_ARCH = YES;
				SDKROOT = iphoneos;
				SWIFT_OPTIMIZATION_LEVEL = "-Onone";
				TARGETED_DEVICE_FAMILY = "1,2";
			};
			name = Debug;
		};
		7B048E741EE4EF28003C379E /* Release */ = {
			isa = XCBuildConfiguration;
			buildSettings = {
				ALWAYS_SEARCH_USER_PATHS = NO;
				CLANG_ANALYZER_NONNULL = YES;
				CLANG_CXX_LANGUAGE_STANDARD = "gnu++0x";
				CLANG_CXX_LIBRARY = "libc++";
				CLANG_ENABLE_MODULES = YES;
				CLANG_ENABLE_OBJC_ARC = YES;
				CLANG_WARN_BOOL_CONVERSION = YES;
				CLANG_WARN_CONSTANT_CONVERSION = YES;
				CLANG_WARN_DIRECT_OBJC_ISA_USAGE = YES_ERROR;
				CLANG_WARN_EMPTY_BODY = YES;
				CLANG_WARN_ENUM_CONVERSION = YES;
				CLANG_WARN_INT_CONVERSION = YES;
				CLANG_WARN_OBJC_ROOT_CLASS = YES_ERROR;
				CLANG_WARN_UNREACHABLE_CODE = YES;
				CLANG_WARN__DUPLICATE_METHOD_MATCH = YES;
				"CODE_SIGN_IDENTITY[sdk=iphoneos*]" = "iPhone Developer";
				COPY_PHASE_STRIP = NO;
				DEBUG_INFORMATION_FORMAT = "dwarf-with-dsym";
				ENABLE_NS_ASSERTIONS = NO;
				ENABLE_STRICT_OBJC_MSGSEND = YES;
				GCC_C_LANGUAGE_STANDARD = gnu99;
				GCC_NO_COMMON_BLOCKS = YES;
				GCC_WARN_64_TO_32_BIT_CONVERSION = YES;
				GCC_WARN_ABOUT_RETURN_TYPE = YES_ERROR;
				GCC_WARN_UNDECLARED_SELECTOR = YES;
				GCC_WARN_UNINITIALIZED_AUTOS = YES_AGGRESSIVE;
				GCC_WARN_UNUSED_FUNCTION = YES;
				GCC_WARN_UNUSED_VARIABLE = YES;
				IPHONEOS_DEPLOYMENT_TARGET = 9.3;
				MTL_ENABLE_DEBUG_INFO = NO;
				SDKROOT = iphoneos;
				TARGETED_DEVICE_FAMILY = "1,2";
				VALIDATE_PRODUCT = YES;
			};
			name = Release;
		};
		7B048E761EE4EF28003C379E /* Debug */ = {
			isa = XCBuildConfiguration;
			baseConfigurationReference = 294AA9DC1E078E205406D08E /* Pods-FlowerField.debug.xcconfig */;
			buildSettings = {
				ASSETCATALOG_COMPILER_APPICON_NAME = AppIcon;
				INFOPLIST_FILE = FlowerField/Info.plist;
				IPHONEOS_DEPLOYMENT_TARGET = 8.0;
				LD_RUNPATH_SEARCH_PATHS = "$(inherited) @executable_path/Frameworks";
				LIBRARY_SEARCH_PATHS = (
					"$(inherited)",
					"$(PROJECT_DIR)/FlowerField/Classes/Tools/UMSocial_Sdk_5.2.1",
					"$(PROJECT_DIR)/FlowerField/Classes/Tools/UMSocial_Sdk_Extra_Frameworks/SinaSSO",
				);
				OTHER_LDFLAGS = (
					"$(inherited)",
					"-framework",
					"\"Alamofire\"",
					"-framework",
					"\"Kingfisher\"",
					"-framework",
					"\"SnapKit\"",
					"-ObjC",
				);
				OTHER_SWIFT_FLAGS = "$(inherited) \"-D\" DEBUG";
				PRODUCT_BUNDLE_IDENTIFIER = com.objc.FlowerField;
				PRODUCT_NAME = "$(TARGET_NAME)";
				SWIFT_OBJC_BRIDGING_HEADER = "/Users/apple/Documents/Z花田小憩/FlowerField/FlowerField/Classes/Tools/Header-brid.h";
			};
			name = Debug;
		};
		7B048E771EE4EF28003C379E /* Release */ = {
			isa = XCBuildConfiguration;
			baseConfigurationReference = F875150D44872778BC1D7495 /* Pods-FlowerField.release.xcconfig */;
			buildSettings = {
				ASSETCATALOG_COMPILER_APPICON_NAME = AppIcon;
				INFOPLIST_FILE = FlowerField/Info.plist;
				IPHONEOS_DEPLOYMENT_TARGET = 8.0;
				LD_RUNPATH_SEARCH_PATHS = "$(inherited) @executable_path/Frameworks";
				LIBRARY_SEARCH_PATHS = (
					"$(inherited)",
					"$(PROJECT_DIR)/FlowerField/Classes/Tools/UMSocial_Sdk_5.2.1",
					"$(PROJECT_DIR)/FlowerField/Classes/Tools/UMSocial_Sdk_Extra_Frameworks/SinaSSO",
				);
				OTHER_LDFLAGS = (
					"$(inherited)",
					"-framework",
					"\"Alamofire\"",
					"-framework",
					"\"Kingfisher\"",
					"-framework",
					"\"SnapKit\"",
					"-ObjC",
				);
				OTHER_SWIFT_FLAGS = "$(inherited) \"-D\" \"COCOAPODS\"";
				PRODUCT_BUNDLE_IDENTIFIER = com.objc.FlowerField;
				PRODUCT_NAME = "$(TARGET_NAME)";
				SWIFT_OBJC_BRIDGING_HEADER = "/Users/apple/Documents/Z花田小憩/FlowerField/FlowerField/Classes/Tools/Header-brid.h";
			};
			name = Release;
		};
		7B048E791EE4EF28003C379E /* Debug */ = {
			isa = XCBuildConfiguration;
			buildSettings = {
				BUNDLE_LOADER = "$(TEST_HOST)";
				INFOPLIST_FILE = FlowerFieldTests/Info.plist;
				LD_RUNPATH_SEARCH_PATHS = "$(inherited) @executable_path/Frameworks @loader_path/Frameworks";
				PRODUCT_BUNDLE_IDENTIFIER = com.objc.FlowerFieldTests;
				PRODUCT_NAME = "$(TARGET_NAME)";
				TEST_HOST = "$(BUILT_PRODUCTS_DIR)/FlowerField.app/FlowerField";
			};
			name = Debug;
		};
		7B048E7A1EE4EF28003C379E /* Release */ = {
			isa = XCBuildConfiguration;
			buildSettings = {
				BUNDLE_LOADER = "$(TEST_HOST)";
				INFOPLIST_FILE = FlowerFieldTests/Info.plist;
				LD_RUNPATH_SEARCH_PATHS = "$(inherited) @executable_path/Frameworks @loader_path/Frameworks";
				PRODUCT_BUNDLE_IDENTIFIER = com.objc.FlowerFieldTests;
				PRODUCT_NAME = "$(TARGET_NAME)";
				TEST_HOST = "$(BUILT_PRODUCTS_DIR)/FlowerField.app/FlowerField";
			};
			name = Release;
		};
		7B048E7C1EE4EF28003C379E /* Debug */ = {
			isa = XCBuildConfiguration;
			buildSettings = {
				INFOPLIST_FILE = FlowerFieldUITests/Info.plist;
				LD_RUNPATH_SEARCH_PATHS = "$(inherited) @executable_path/Frameworks @loader_path/Frameworks";
				PRODUCT_BUNDLE_IDENTIFIER = com.objc.FlowerFieldUITests;
				PRODUCT_NAME = "$(TARGET_NAME)";
				TEST_TARGET_NAME = FlowerField;
			};
			name = Debug;
		};
		7B048E7D1EE4EF28003C379E /* Release */ = {
			isa = XCBuildConfiguration;
			buildSettings = {
				INFOPLIST_FILE = FlowerFieldUITests/Info.plist;
				LD_RUNPATH_SEARCH_PATHS = "$(inherited) @executable_path/Frameworks @loader_path/Frameworks";
				PRODUCT_BUNDLE_IDENTIFIER = com.objc.FlowerFieldUITests;
				PRODUCT_NAME = "$(TARGET_NAME)";
				TEST_TARGET_NAME = FlowerField;
			};
			name = Release;
		};
/* End XCBuildConfiguration section */

/* Begin XCConfigurationList section */
		7B048E481EE4EF27003C379E /* Build configuration list for PBXProject "FlowerField" */ = {
			isa = XCConfigurationList;
			buildConfigurations = (
				7B048E731EE4EF28003C379E /* Debug */,
				7B048E741EE4EF28003C379E /* Release */,
			);
			defaultConfigurationIsVisible = 0;
			defaultConfigurationName = Release;
		};
		7B048E751EE4EF28003C379E /* Build configuration list for PBXNativeTarget "FlowerField" */ = {
			isa = XCConfigurationList;
			buildConfigurations = (
				7B048E761EE4EF28003C379E /* Debug */,
				7B048E771EE4EF28003C379E /* Release */,
			);
			defaultConfigurationIsVisible = 0;
			defaultConfigurationName = Release;
		};
		7B048E781EE4EF28003C379E /* Build configuration list for PBXNativeTarget "FlowerFieldTests" */ = {
			isa = XCConfigurationList;
			buildConfigurations = (
				7B048E791EE4EF28003C379E /* Debug */,
				7B048E7A1EE4EF28003C379E /* Release */,
			);
			defaultConfigurationIsVisible = 0;
			defaultConfigurationName = Release;
		};
		7B048E7B1EE4EF28003C379E /* Build configuration list for PBXNativeTarget "FlowerFieldUITests" */ = {
			isa = XCConfigurationList;
			buildConfigurations = (
				7B048E7C1EE4EF28003C379E /* Debug */,
				7B048E7D1EE4EF28003C379E /* Release */,
			);
			defaultConfigurationIsVisible = 0;
			defaultConfigurationName = Release;
		};
/* End XCConfigurationList section */
	};
	rootObject = 7B048E451EE4EF27003C379E /* Project object */;
}
